
Microsoft Visual Studio Solution File, Format Version 12.00
# Visual Studio Version 17
VisualStudioVersion = 17.4.33213.308
MinimumVisualStudioVersion = 10.0.40219.1
Project("{FAE04EC0-301F-11D3-BF4B-00C04F79EFBC}") = "AllProjects", "AllProjects.csproj", "{60B7C75D-54C3-4688-A9AC-A4A3B67E8B83}"
EndProject
Global
	GlobalSection(SolutionConfigurationPlatforms) = preSolution
		Debug|Any CPU = Debug|Any CPU
		Release|Any CPU = Release|Any CPU
	EndGlobalSection
	GlobalSection(ProjectConfigurationPlatforms) = postSolution
		{60B7C75D-54C3-4688-A9AC-A4A3B67E8B83}.Debug|Any CPU.ActiveCfg = Debug|Any CPU
		{60B7C75D-54C3-4688-A9AC-A4A3B67E8B83}.Debug|Any CPU.Build.0 = Debug|Any CPU
		{60B7C75D-54C3-4688-A9AC-A4A3B67E8B83}.Release|Any CPU.ActiveCfg = Release|Any CPU
		{60B7C75D-54C3-4688-A9AC-A4A3B67E8B83}.Release|Any CPU.Build.0 = Release|Any CPU
	EndGlobalSection
	GlobalSection(SolutionProperties) = preSolution
		HideSolutionNode = FALSE
	EndGlobalSection
	GlobalSection(ExtensibilityGlobals) = postSolution
		SolutionGuid = {E268C26D-6577-4113-AE5F-03406A6114E4}
	EndGlobalSection
EndGlobal
